
Microsoft Visual Studio Solution File, Format Version 12.00
# Visual Studio Version 17
VisualStudioVersion = 17.4.33103.184
MinimumVisualStudioVersion = 10.0.40219.1
Project("{FAE04EC0-301F-11D3-BF4B-00C04F79EFBC}") = "Day2MVC", "Day2MVC\Day2MVC.csproj", "{5115A8A0-F1D4-466C-9537-98640356916F}"
EndProject
Global
	GlobalSection(SolutionConfigurationPlatforms) = preSolution
		Debug|Any CPU = Debug|Any CPU
		Release|Any CPU = Release|Any CPU
	EndGlobalSection
	GlobalSection(ProjectConfigurationPlatforms) = postSolution
		{5115A8A0-F1D4-466C-9537-98640356916F}.Debug|Any CPU.ActiveCfg = Debug|Any CPU
		{5115A8A0-F1D4-466C-9537-98640356916F}.Debug|Any CPU.Build.0 = Debug|Any CPU
		{5115A8A0-F1D4-466C-9537-98640356916F}.Release|Any CPU.ActiveCfg = Release|Any CPU
		{5115A8A0-F1D4-466C-9537-98640356916F}.Release|Any CPU.Build.0 = Release|Any CPU
	EndGlobalSection
	GlobalSection(SolutionProperties) = preSolution
		HideSolutionNode = FALSE
	EndGlobalSection
	GlobalSection(ExtensibilityGlobals) = postSolution
		SolutionGuid = {76223221-5A15-4171-9AA3-DE17508C31A4}
	EndGlobalSection
EndGlobal
